
Microsoft Visual Studio Solution File, Format Version 12.00
# Visual Studio Version 16
VisualStudioVersion = 16.0.29926.136
MinimumVisualStudioVersion = 10.0.40219.1
Project("{FAE04EC0-301F-11D3-BF4B-00C04F79EFBC}") = "TestingSystem", "TestingSystem.csproj", "{11BC612F-16C2-498B-A3DF-DBAB3822A011}"
EndProject
Global
	GlobalSection(SolutionConfigurationPlatforms) = preSolution
		Debug|Any CPU = Debug|Any CPU
		Release|Any CPU = Release|Any CPU
	EndGlobalSection
	GlobalSection(ProjectConfigurationPlatforms) = postSolution
		{11BC612F-16C2-498B-A3DF-DBAB3822A011}.Debug|Any CPU.ActiveCfg = Debug|Any CPU
		{11BC612F-16C2-498B-A3DF-DBAB3822A011}.Debug|Any CPU.Build.0 = Debug|Any CPU
		{11BC612F-16C2-498B-A3DF-DBAB3822A011}.Release|Any CPU.ActiveCfg = Release|Any CPU
		{11BC612F-16C2-498B-A3DF-DBAB3822A011}.Release|Any CPU.Build.0 = Release|Any CPU
	EndGlobalSection
	GlobalSection(SolutionProperties) = preSolution
		HideSolutionNode = FALSE
	EndGlobalSection
	GlobalSection(ExtensibilityGlobals) = postSolution
		SolutionGuid = {0C61489E-658C-48B6-A20E-5A66E3EF522C}
	EndGlobalSection
EndGlobal
